
Microsoft Visual Studio Solution File, Format Version 12.00
# Visual Studio 15
VisualStudioVersion = 15.0.27004.2010
MinimumVisualStudioVersion = 10.0.40219.1
Project("{FAE04EC0-301F-11D3-BF4B-00C04F79EFBC}") = "MongoDBDemo.Web", "MongoDBDemo.Web\MongoDBDemo.Web.csproj", "{F12B3583-0189-49E2-95DC-9D96D5E2739C}"
EndProject
Global
	GlobalSection(SolutionConfigurationPlatforms) = preSolution
		Debug|Any CPU = Debug|Any CPU
		Release|Any CPU = Release|Any CPU
	EndGlobalSection
	GlobalSection(ProjectConfigurationPlatforms) = postSolution
		{F12B3583-0189-49E2-95DC-9D96D5E2739C}.Debug|Any CPU.ActiveCfg = Debug|Any CPU
		{F12B3583-0189-49E2-95DC-9D96D5E2739C}.Debug|Any CPU.Build.0 = Debug|Any CPU
		{F12B3583-0189-49E2-95DC-9D96D5E2739C}.Release|Any CPU.ActiveCfg = Release|Any CPU
		{F12B3583-0189-49E2-95DC-9D96D5E2739C}.Release|Any CPU.Build.0 = Release|Any CPU
	EndGlobalSection
	GlobalSection(SolutionProperties) = preSolution
		HideSolutionNode = FALSE
	EndGlobalSection
	GlobalSection(ExtensibilityGlobals) = postSolution
		SolutionGuid = {0754FC7C-0710-4A71-A153-AEEDEFDE76FF}
	EndGlobalSection
EndGlobal
